hash: fc759f62611263024efc6dcdedc958107212ba50b042b59094d77a8031f377c9
updated: 2016-02-15T18:05:34.38077815-05:00
imports:
- name: github.com/aws/aws-sdk-go
  version: 72a68b4e5a9c3f6a75813e6d4393b3a21749e9c4
- name: github.com/buger/goterm
  version: db9aaed44abbb1be9061aa43612ede2e864c5973
- name: github.com/davecgh/go-spew
  version: 2df174808ee097f90d259e432cc04442cf60be21
  subpackages:
  - spew
- name: github.com/go-ini/ini
  version: 193d1ecb466bf97aae8b454a5cfc192941c64809
- name: github.com/jmespath/go-jmespath
  version: 0b12d6b521d83fc7f755e7cfc1b1fbdd35a01a74
- name: github.com/lsegal/gucumber
  version: 44a4d7eb3b14a88cf82b073dfb7e06277afdc549
- name: github.com/pmezard/go-difflib
  version: d8ed2627bdf02c080bf22230dbb337003b7aba2d
  subpackages:
  - difflib
- name: github.com/shiena/ansicolor
  version: a422bbe96644373c5753384a59d678f7d261ff10
- name: github.com/Sirupsen/logrus
  version: 3455d89ac9652295c85db2a98ea32f1d61c380bc
- name: github.com/stretchr/objx
  version: cbeaeb16a013161a98496fad62933b1d21786672
- name: github.com/stretchr/testify
  version: 9f9027faeb0dad515336ed2f28317f9f8f527ab4
- name: golang.org/x/crypto
  version: 1f22c0103821b9390939b6776727195525381532
- name: golang.org/x/net
  version: 8968c61983e8f51a91b8c0ef25bf739278c89634
- name: golang.org/x/text
  version: 07b9a78963006a15c538ec5175243979025fa7a8
- name: golang.org/x/tools
  version: 78e666a89491edaed6ef187b66127814670bbafa
- name: gopkg.in/airbrake/gobrake.v2
  version: c9d51adc624b5cc4c1bf8de730a09af4878ffe2d
- name: gopkg.in/gemnasium/logrus-airbrake-hook.v2
  version: 31e6fd4bd5a98d8ee7673d24bc54ec73c31810dd
devImports: []
